
Microsoft Visual Studio Solution File, Format Version 12.00
# Visual Studio Version 17
VisualStudioVersion = 17.0.31919.166
MinimumVisualStudioVersion = 10.0.40219.1
Project("{FAE04EC0-301F-11D3-BF4B-00C04F79EFBC}") = "ExoStructureEtMethodes", "ExoStructureEtMethodes\ExoStructureEtMethodes.csproj", "{044793DF-A1CF-4F89-AC01-C725FE357DE1}"
EndProject
Global
	GlobalSection(SolutionConfigurationPlatforms) = preSolution
		Debug|Any CPU = Debug|Any CPU
		Release|Any CPU = Release|Any CPU
	EndGlobalSection
	GlobalSection(ProjectConfigurationPlatforms) = postSolution
		{044793DF-A1CF-4F89-AC01-C725FE357DE1}.Debug|Any CPU.ActiveCfg = Debug|Any CPU
		{044793DF-A1CF-4F89-AC01-C725FE357DE1}.Debug|Any CPU.Build.0 = Debug|Any CPU
		{044793DF-A1CF-4F89-AC01-C725FE357DE1}.Release|Any CPU.ActiveCfg = Release|Any CPU
		{044793DF-A1CF-4F89-AC01-C725FE357DE1}.Release|Any CPU.Build.0 = Release|Any CPU
	EndGlobalSection
	GlobalSection(SolutionProperties) = preSolution
		HideSolutionNode = FALSE
	EndGlobalSection
	GlobalSection(ExtensibilityGlobals) = postSolution
		SolutionGuid = {C13F8E05-C4ED-4733-96B5-D5BD5982DAD1}
	EndGlobalSection
EndGlobal
